
Microsoft Visual Studio Solution File, Format Version 12.00
# Visual Studio Version 16
VisualStudioVersion = 16.0.30717.126
MinimumVisualStudioVersion = 10.0.40219.1
Project("{FAE04EC0-301F-11D3-BF4B-00C04F79EFBC}") = "BusinessSolution", "BusinessSolution\BusinessSolution.csproj", "{15D1FDB7-08A0-4CFC-968F-48D19C1B02A5}"
EndProject
Global
	GlobalSection(SolutionConfigurationPlatforms) = preSolution
		Debug|Any CPU = Debug|Any CPU
		Release|Any CPU = Release|Any CPU
	EndGlobalSection
	GlobalSection(ProjectConfigurationPlatforms) = postSolution
		{15D1FDB7-08A0-4CFC-968F-48D19C1B02A5}.Debug|Any CPU.ActiveCfg = Debug|Any CPU
		{15D1FDB7-08A0-4CFC-968F-48D19C1B02A5}.Debug|Any CPU.Build.0 = Debug|Any CPU
		{15D1FDB7-08A0-4CFC-968F-48D19C1B02A5}.Release|Any CPU.ActiveCfg = Release|Any CPU
		{15D1FDB7-08A0-4CFC-968F-48D19C1B02A5}.Release|Any CPU.Build.0 = Release|Any CPU
	EndGlobalSection
	GlobalSection(SolutionProperties) = preSolution
		HideSolutionNode = FALSE
	EndGlobalSection
	GlobalSection(ExtensibilityGlobals) = postSolution
		SolutionGuid = {FE386A39-1386-4172-80EE-E12B862A761E}
	EndGlobalSection
EndGlobal
